# This file is automatically @generated by Cargo.
# It is not intended for manual editing.
version = 4

[[package]]
name = "bliss-cli"
version = "0.1.0"
dependencies = [
 "bliss-compiler",
 "bliss-rt",
 "bliss-stdlib",
]

[[package]]
name = "bliss-compiler"
version = "0.1.0"
dependencies = [
 "bliss-rt",
]

[[package]]
name = "bliss-rt"
version = "0.1.0"

[[package]]
name = "bliss-stdlib"
version = "0.1.0"
dependencies = [
 "bliss-compiler",
 "bliss-rt",
]
